
Microsoft Visual Studio Solution File, Format Version 12.00
# Visual Studio Version 17
VisualStudioVersion = 17.13.35931.197 d17.13
MinimumVisualStudioVersion = 10.0.40219.1
Project("{FAE04EC0-301F-11D3-BF4B-00C04F79EFBC}") = "IoTMonitoring.Api", "IoTMonitoring.Api\IoTMonitoring.Api.csproj", "{673F3FFE-3394-4F58-AFA3-8CD5ABFDE480}"
EndProject
Global
	GlobalSection(SolutionConfigurationPlatforms) = preSolution
		Debug|Any CPU = Debug|Any CPU
		Release|Any CPU = Release|Any CPU
	EndGlobalSection
	GlobalSection(ProjectConfigurationPlatforms) = postSolution
		{673F3FFE-3394-4F58-AFA3-8CD5ABFDE480}.Debug|Any CPU.ActiveCfg = Debug|Any CPU
		{673F3FFE-3394-4F58-AFA3-8CD5ABFDE480}.Debug|Any CPU.Build.0 = Debug|Any CPU
		{673F3FFE-3394-4F58-AFA3-8CD5ABFDE480}.Release|Any CPU.ActiveCfg = Release|Any CPU
		{673F3FFE-3394-4F58-AFA3-8CD5ABFDE480}.Release|Any CPU.Build.0 = Release|Any CPU
	EndGlobalSection
	GlobalSection(SolutionProperties) = preSolution
		HideSolutionNode = FALSE
	EndGlobalSection
	GlobalSection(ExtensibilityGlobals) = postSolution
		SolutionGuid = {B5CB1F98-13B7-48B5-8F65-0783F8F523AF}
	EndGlobalSection
EndGlobal
